
Microsoft Visual Studio Solution File, Format Version 12.00
# Visual Studio Version 17
VisualStudioVersion = 17.2.32616.157
MinimumVisualStudioVersion = 10.0.40219.1
Project("{9A19103F-16F7-4668-BE54-9A1E7A4F7556}") = "CollNextGuess.Api", "CollNextGuess.Api\CollNextGuess.Api.csproj", "{AE47A8F0-F519-4D1C-8EBC-B8B13D75E22B}"
EndProject
Project("{9A19103F-16F7-4668-BE54-9A1E7A4F7556}") = "CollNextGuess.Infrastructure", "CollNextGuess.Infrastructure\CollNextGuess.Infrastructure.csproj", "{128AB5D5-1C8B-49E6-A628-783C650043D7}"
EndProject
Project("{9A19103F-16F7-4668-BE54-9A1E7A4F7556}") = "CollNextGuess.Core", "CollNextGuess.Core\CollNextGuess.Core.csproj", "{F7D5EFDF-E136-4EF8-8892-DA2B3C2D43F1}"
EndProject
Project("{E53339B2-1760-4266-BCC7-CA923CBCF16C}") = "docker-compose", "docker-compose.dcproj", "{EE4AD223-6B16-4B16-8B52-690C629D2C2E}"
EndProject
Global
	GlobalSection(SolutionConfigurationPlatforms) = preSolution
		Debug|Any CPU = Debug|Any CPU
		Release|Any CPU = Release|Any CPU
	EndGlobalSection
	GlobalSection(ProjectConfigurationPlatforms) = postSolution
		{AE47A8F0-F519-4D1C-8EBC-B8B13D75E22B}.Debug|Any CPU.ActiveCfg = Debug|Any CPU
		{AE47A8F0-F519-4D1C-8EBC-B8B13D75E22B}.Debug|Any CPU.Build.0 = Debug|Any CPU
		{AE47A8F0-F519-4D1C-8EBC-B8B13D75E22B}.Release|Any CPU.ActiveCfg = Release|Any CPU
		{AE47A8F0-F519-4D1C-8EBC-B8B13D75E22B}.Release|Any CPU.Build.0 = Release|Any CPU
		{128AB5D5-1C8B-49E6-A628-783C650043D7}.Debug|Any CPU.ActiveCfg = Debug|Any CPU
		{128AB5D5-1C8B-49E6-A628-783C650043D7}.Debug|Any CPU.Build.0 = Debug|Any CPU
		{128AB5D5-1C8B-49E6-A628-783C650043D7}.Release|Any CPU.ActiveCfg = Release|Any CPU
		{128AB5D5-1C8B-49E6-A628-783C650043D7}.Release|Any CPU.Build.0 = Release|Any CPU
		{F7D5EFDF-E136-4EF8-8892-DA2B3C2D43F1}.Debug|Any CPU.ActiveCfg = Debug|Any CPU
		{F7D5EFDF-E136-4EF8-8892-DA2B3C2D43F1}.Debug|Any CPU.Build.0 = Debug|Any CPU
		{F7D5EFDF-E136-4EF8-8892-DA2B3C2D43F1}.Release|Any CPU.ActiveCfg = Release|Any CPU
		{F7D5EFDF-E136-4EF8-8892-DA2B3C2D43F1}.Release|Any CPU.Build.0 = Release|Any CPU
		{EE4AD223-6B16-4B16-8B52-690C629D2C2E}.Debug|Any CPU.ActiveCfg = Debug|Any CPU
		{EE4AD223-6B16-4B16-8B52-690C629D2C2E}.Debug|Any CPU.Build.0 = Debug|Any CPU
		{EE4AD223-6B16-4B16-8B52-690C629D2C2E}.Release|Any CPU.ActiveCfg = Release|Any CPU
		{EE4AD223-6B16-4B16-8B52-690C629D2C2E}.Release|Any CPU.Build.0 = Release|Any CPU
	EndGlobalSection
	GlobalSection(SolutionProperties) = preSolution
		HideSolutionNode = FALSE
	EndGlobalSection
	GlobalSection(ExtensibilityGlobals) = postSolution
		SolutionGuid = {B9705B1D-9A9F-473B-9A09-944E9AF1C297}
	EndGlobalSection
EndGlobal
